
Microsoft Visual Studio Solution File, Format Version 12.00
# Visual Studio Version 17
VisualStudioVersion = 17.6.33801.468
MinimumVisualStudioVersion = 10.0.40219.1
Project("{9A19103F-16F7-4668-BE54-9A1E7A4F7556}") = "tar.IMDbScraper", "tar.IMDbScraper\tar.IMDbScraper.csproj", "{0B5B32E2-B000-45E0-B22D-5D35D2CC3BDA}"
EndProject
Project("{9A19103F-16F7-4668-BE54-9A1E7A4F7556}") = "tar.IMDbScraper.UnitTests", "tar.IMDbScraper.UnitTests\tar.IMDbScraper.UnitTests.csproj", "{975759BB-FB19-412D-9BF7-1AB28B1E1559}"
EndProject
Global
	GlobalSection(SolutionConfigurationPlatforms) = preSolution
		Debug|Any CPU = Debug|Any CPU
		Release|Any CPU = Release|Any CPU
	EndGlobalSection
	GlobalSection(ProjectConfigurationPlatforms) = postSolution
		{0B5B32E2-B000-45E0-B22D-5D35D2CC3BDA}.Debug|Any CPU.ActiveCfg = Debug|Any CPU
		{0B5B32E2-B000-45E0-B22D-5D35D2CC3BDA}.Debug|Any CPU.Build.0 = Debug|Any CPU
		{0B5B32E2-B000-45E0-B22D-5D35D2CC3BDA}.Release|Any CPU.ActiveCfg = Release|Any CPU
		{0B5B32E2-B000-45E0-B22D-5D35D2CC3BDA}.Release|Any CPU.Build.0 = Release|Any CPU
		{975759BB-FB19-412D-9BF7-1AB28B1E1559}.Debug|Any CPU.ActiveCfg = Debug|Any CPU
		{975759BB-FB19-412D-9BF7-1AB28B1E1559}.Debug|Any CPU.Build.0 = Debug|Any CPU
		{975759BB-FB19-412D-9BF7-1AB28B1E1559}.Release|Any CPU.ActiveCfg = Release|Any CPU
		{975759BB-FB19-412D-9BF7-1AB28B1E1559}.Release|Any CPU.Build.0 = Release|Any CPU
	EndGlobalSection
	GlobalSection(SolutionProperties) = preSolution
		HideSolutionNode = FALSE
	EndGlobalSection
	GlobalSection(ExtensibilityGlobals) = postSolution
		SolutionGuid = {03DB7112-FC65-4A3D-96B3-94361A7A5082}
	EndGlobalSection
EndGlobal
